// !$*UTF8*$!
{
	archiveVersion = 1;
	classes = {
	};
	objectVersion = 46;
	objects = {

/* Begin PBXBuildFile section */
		0475941F1C453A9E00C46C86 /* main.m in Sources */ = {isa = PBXBuildFile; fileRef = 0475941E1C453A9E00C46C86 /* main.m */; };
		047594221C453A9E00C46C86 /* AppDelegate.m in Sources */ = {isa = PBXBuildFile; fileRef = 047594211C453A9E00C46C86 /* AppDelegate.m */; };
		047594251C453A9E00C46C86 /* ViewController.m in Sources */ = {isa = PBXBuildFile; fileRef = 047594241C453A9E00C46C86 /* ViewController.m */; };
		047594281C453A9E00C46C86 /* Main.storyboard in Resources */ = {isa = PBXBuildFile; fileRef = 047594261C453A9E00C46C86 /* Main.storyboard */; };
		0475942A1C453A9E00C46C86 /* Assets.xcassets in Resources */ = {isa = PBXBuildFile; fileRef = 047594291C453A9E00C46C86 /* Assets.xcassets */; };
		0475942D1C453A9E00C46C86 /* LaunchScreen.storyboard in Resources */ = {isa = PBXBuildFile; fileRef = 0475942B1C453A9E00C46C86 /* LaunchScreen.storyboard */; };
/* End PBXBuildFile section */

/* Begin PBXFileReference section */
		0475941A1C453A9D00C46C86 /* webview_app.app */ = {isa = PBXFileReference; explicitFileType = wrapper.application; includeInIndex = 0; path = webview_app.app; sourceTree = BUILT_PRODUCTS_DIR; };
		0475941E1C453A9E00C46C86 /* main.m */ = {isa = PBXFileReference; lastKnownFileType = sourcecode.c.objc; path = main.m; sourceTree = "<group>"; };
		047594201C453A9E00C46C86 /* AppDelegate.h */ = {isa = PBXFileReference; lastKnownFileType = sourcecode.c.h; path = AppDelegate.h; sourceTree = "<group>"; };
		047594211C453A9E00C46C86 /* AppDelegate.m */ = {isa = PBXFileReference; lastKnownFileType = sourcecode.c.objc; path = AppDelegate.m; sourceTree = "<group>"; };
		047594231C453A9E00C46C86 /* ViewController.h */ = {isa = PBXFileReference; lastKnownFileType = sourcecode.c.h; path = ViewController.h; sourceTree = "<group>"; };
		047594241C453A9E00C46C86 /* ViewController.m */ = {isa = PBXFileReference; lastKnownFileType = sourcecode.c.objc; path = ViewController.m; sourceTree = "<group>"; };
		047594271C453A9E00C46C86 /* Base */ = {isa = PBXFileReference; lastKnownFileType = file.storyboard; name = Base; path = Base.lproj/Main.storyboard; sourceTree = "<group>"; };
		047594291C453A9E00C46C86 /* Assets.xcassets */ = {isa = PBXFileReference; lastKnownFileType = folder.assetcatalog; path = Assets.xcassets; sourceTree = "<group>"; };
		0475942C1C453A9E00C46C86 /* Base */ = {isa = PBXFileReference; lastKnownFileType = file.storyboard; name = Base; path = Base.lproj/LaunchScreen.storyboard; sourceTree = "<group>"; };
		0475942E1C453A9E00C46C86 /* Info.plist */ = {isa = PBXFileReference; lastKnownFileType = text.plist.xml; path = Info.plist; sourceTree = "<group>"; };
/* End PBXFileReference section */

/* Begin PBXFrameworksBuildPhase section */
		047594171C453A9D00C46C86 /* Frameworks */ = {
			isa = PBXFrameworksBuildPhase;
			buildActionMask = 2147483647;
			files = (
			);
			runOnlyForDeploymentPostprocessing = 0;
		};
/* End PBXFrameworksBuildPhase section */

/* Begin PBXGroup section */
		047594111C453A9D00C46C86 = {
			isa = PBXGroup;
			children = (
				0475941C1C453A9E00C46C86 /* webview_app */,
				0475941B1C453A9D00C46C86 /* Products */,
			);
			sourceTree = "<group>";
		};
		0475941B1C453A9D00C46C86 /* Products */ = {
			isa = PBXGroup;
			children = (
				0475941A1C453A9D00C46C86 /* webview_app.app */,
			);
			name = Products;
			sourceTree = "<group>";
		};
		0475941C1C453A9E00C46C86 /* webview_app */ = {
			isa = PBXGroup;
			children = (
				047594201C453A9E00C46C86 /* AppDelegate.h */,
				047594211C453A9E00C46C86 /* AppDelegate.m */,
				047594231C453A9E00C46C86 /* ViewController.h */,
				047594241C453A9E00C46C86 /* ViewController.m */,
				047594261C453A9E00C46C86 /* Main.storyboard */,
				047594291C453A9E00C46C86 /* Assets.xcassets */,
				0475942B1C453A9E00C46C86 /* LaunchScreen.storyboard */,
				0475942E1C453A9E00C46C86 /* Info.plist */,
				0475941D1C453A9E00C46C86 /* Supporting Files */,
			);
			path = webview_app;
			sourceTree = "<group>";
		};
		0475941D1C453A9E00C46C86 /* Supporting Files */ = {
			isa = PBXGroup;
			children = (
				0475941E1C453A9E00C46C86 /* main.m */,
			);
			name = "Supporting Files";
			sourceTree = "<group>";
		};
/* End PBXGroup section */

/* Begin PBXNativeTarget section */
		047594191C453A9D00C46C86 /* webview_app */ = {
			isa = PBXNativeTarget;
			buildConfigurationList = 047594311C453A9E00C46C86 /* Build configuration list for PBXNativeTarget "webview_app" */;
			buildPhases = (
				047594161C453A9D00C46C86 /* Sources */,
				047594171C453A9D00C46C86 /* Frameworks */,
				047594181C453A9D00C46C86 /* Resources */,
			);
			buildRules = (
			);
			dependencies = (
			);
			name = webview_app;
			productName = webview_app;
			productReference = 0475941A1C453A9D00C46C86 /* webview_app.app */;
			productType = "com.apple.product-type.application";
		};
/* End PBXNativeTarget section */

/* Begin PBXProject section */
		047594121C453A9D00C46C86 /* Project object */ = {
			isa = PBXProject;
			attributes = {
				LastUpgradeCheck = 0710;
				ORGANIZATIONNAME = Davie;
				TargetAttributes = {
					047594191C453A9D00C46C86 = {
						CreatedOnToolsVersion = 7.1.1;
						DevelopmentTeam = C34NXD7L7V;
					};
				};
			};
			buildConfigurationList = 047594151C453A9D00C46C86 /* Build configuration list for PBXProject "webview_app" */;
			compatibilityVersion = "Xcode 3.2";
			developmentRegion = English;
			hasScannedForEncodings = 0;
			knownRegions = (
				en,
				Base,
			);
			mainGroup = 047594111C453A9D00C46C86;
			productRefGroup = 0475941B1C453A9D00C46C86 /* Products */;
			projectDirPath = "";
			projectRoot = "";
			targets = (
				047594191C453A9D00C46C86 /* webview_app */,
			);
		};
/* End PBXProject section */

/* Begin PBXResourcesBuildPhase section */
		047594181C453A9D00C46C86 /* Resources */ = {
			isa = PBXResourcesBuildPhase;
			buildActionMask = 2147483647;
			files = (
				0475942D1C453A9E00C46C86 /* LaunchScreen.storyboard in Resources */,
				0475942A1C453A9E00C46C86 /* Assets.xcassets in Resources */,
				047594281C453A9E00C46C86 /* Main.storyboard in Resources */,
			);
			runOnlyForDeploymentPostprocessing = 0;
		};
/* End PBXResourcesBuildPhase section */

/* Begin PBXSourcesBuildPhase section */
		047594161C453A9D00C46C86 /* Sources */ = {
			isa = PBXSourcesBuildPhase;
			buildActionMask = 2147483647;
			files = (
				047594251C453A9E00C46C86 /* ViewController.m in Sources */,
				047594221C453A9E00C46C86 /* AppDelegate.m in Sources */,
				0475941F1C453A9E00C46C86 /* main.m in Sources */,
			);
			runOnlyForDeploymentPostprocessing = 0;
		};
/* End PBXSourcesBuildPhase section */

/* Begin PBXVariantGroup section */
		047594261C453A9E00C46C86 /* Main.storyboard */ = {
			isa = PBXVariantGroup;
			children = (
				047594271C453A9E00C46C86 /* Base */,
			);
			name = Main.storyboard;
			sourceTree = "<group>";
		};
		0475942B1C453A9E00C46C86 /* LaunchScreen.storyboard */ = {
			isa = PBXVariantGroup;
			children = (
				0475942C1C453A9E00C46C86 /* Base */,
			);
			name = LaunchScreen.storyboard;
			sourceTree = "<group>";
		};
/* End PBXVariantGroup section */

/* Begin XCBuildConfiguration section */
		0475942F1C453A9E00C46C86 /* Debug */ = {
			isa = XCBuildConfiguration;
			buildSettings = {
				ALWAYS_SEARCH_USER_PATHS = NO;
				CLANG_CXX_LANGUAGE_STANDARD = "gnu++0x";
				CLANG_CXX_LIBRARY = "libc++";
				CLANG_ENABLE_MODULES = YES;
				CLANG_ENABLE_OBJC_ARC = YES;
				CLANG_WARN_BOOL_CONVERSION = YES;
				CLANG_WARN_CONSTANT_CONVERSION = YES;
				CLANG_WARN_DIRECT_OBJC_ISA_USAGE = YES_ERROR;
				CLANG_WARN_EMPTY_BODY = YES;
				CLANG_WARN_ENUM_CONVERSION = YES;
				CLANG_WARN_INT_CONVERSION = YES;
				CLANG_WARN_OBJC_ROOT_CLASS = YES_ERROR;
				CLANG_WARN_UNREACHABLE_CODE = YES;
				CLANG_WARN__DUPLICATE_METHOD_MATCH = YES;
				"CODE_SIGN_IDENTITY[sdk=iphoneos*]" = "iPhone Developer";
				COPY_PHASE_STRIP = NO;
				DEBUG_INFORMATION_FORMAT = dwarf;
				ENABLE_STRICT_OBJC_MSGSEND = YES;
				ENABLE_TESTABILITY = YES;
				GCC_C_LANGUAGE_STANDARD = gnu99;
				GCC_DYNAMIC_NO_PIC = NO;
				GCC_NO_COMMON_BLOCKS = YES;
				GCC_OPTIMIZATION_LEVEL = 0;
				GCC_PREPROCESSOR_DEFINITIONS = (
					"DEBUG=1",
					"$(inherited)",
				);
				GCC_WARN_64_TO_32_BIT_CONVERSION = YES;
				GCC_WARN_ABOUT_RETURN_TYPE = YES_ERROR;
				GCC_WARN_UNDECLARED_SELECTOR = YES;
				GCC_WARN_UNINITIALIZED_AUTOS = YES_AGGRESSIVE;
				GCC_WARN_UNUSED_FUNCTION = YES;
				GCC_WARN_UNUSED_VARIABLE = YES;
				IPHONEOS_DEPLOYMENT_TARGET = 9.1;
				MTL_ENABLE_DEBUG_INFO = YES;
				ONLY_ACTIVE_ARCH = YES;
				SDKROOT = iphoneos;
				TARGETED_DEVICE_FAMILY = "1,2";
			};
			name = Debug;
		};
		047594301C453A9E00C46C86 /* Release */ = {
			isa = XCBuildConfiguration;
			buildSettings = {
				ALWAYS_SEARCH_USER_PATHS = NO;
				CLANG_CXX_LANGUAGE_STANDARD = "gnu++0x";
				CLANG_CXX_LIBRARY = "libc++";
				CLANG_ENABLE_MODULES = YES;
				CLANG_ENABLE_OBJC_ARC = YES;
				CLANG_WARN_BOOL_CONVERSION = YES;
				CLANG_WARN_CONSTANT_CONVERSION = YES;
				CLANG_WARN_DIRECT_OBJC_ISA_USAGE = YES_ERROR;
				CLANG_WARN_EMPTY_BODY = YES;
				CLANG_WARN_ENUM_CONVERSION = YES;
				CLANG_WARN_INT_CONVERSION = YES;
				CLANG_WARN_OBJC_ROOT_CLASS = YES_ERROR;
				CLANG_WARN_UNREACHABLE_CODE = YES;
				CLANG_WARN__DUPLICATE_METHOD_MATCH = YES;
				"CODE_SIGN_IDENTITY[sdk=iphoneos*]" = "iPhone Developer";
				COPY_PHASE_STRIP = NO;
				DEBUG_INFORMATION_FORMAT = "dwarf-with-dsym";
				ENABLE_NS_ASSERTIONS = NO;
				ENABLE_STRICT_OBJC_MSGSEND = YES;
				GCC_C_LANGUAGE_STANDARD = gnu99;
				GCC_NO_COMMON_BLOCKS = YES;
				GCC_WARN_64_TO_32_BIT_CONVERSION = YES;
				GCC_WARN_ABOUT_RETURN_TYPE = YES_ERROR;
				GCC_WARN_UNDECLARED_SELECTOR = YES;
				GCC_WARN_UNINITIALIZED_AUTOS = YES_AGGRESSIVE;
				GCC_WARN_UNUSED_FUNCTION = YES;
				GCC_WARN_UNUSED_VARIABLE = YES;
				IPHONEOS_DEPLOYMENT_TARGET = 9.1;
				MTL_ENABLE_DEBUG_INFO = NO;
				SDKROOT = iphoneos;
				TARGETED_DEVICE_FAMILY = "1,2";
				VALIDATE_PRODUCT = YES;
			};
			name = Release;
		};
		047594321C453A9E00C46C86 /* Debug */ = {
			isa = XCBuildConfiguration;
			buildSettings = {
				ASSETCATALOG_COMPILER_APPICON_NAME = AppIcon;
				INFOPLIST_FILE = webview_app/Info.plist;
				LD_RUNPATH_SEARCH_PATHS = "$(inherited) @executable_path/Frameworks";
				PRODUCT_BUNDLE_IDENTIFIER = "Davie.com.webview-app";
				PRODUCT_NAME = "$(TARGET_NAME)";
			};
			name = Debug;
		};
		047594331C453A9E00C46C86 /* Release */ = {
			isa = XCBuildConfiguration;
			buildSettings = {
				ASSETCATALOG_COMPILER_APPICON_NAME = AppIcon;
				INFOPLIST_FILE = webview_app/Info.plist;
				LD_RUNPATH_SEARCH_PATHS = "$(inherited) @executable_path/Frameworks";
				PRODUCT_BUNDLE_IDENTIFIER = "Davie.com.webview-app";
				PRODUCT_NAME = "$(TARGET_NAME)";
			};
			name = Release;
		};
/* End XCBuildConfiguration section */

/* Begin XCConfigurationList section */
		047594151C453A9D00C46C86 /* Build configuration list for PBXProject "webview_app" */ = {
			isa = XCConfigurationList;
			buildConfigurations = (
				0475942F1C453A9E00C46C86 /* Debug */,
				047594301C453A9E00C46C86 /* Release */,
			);
			defaultConfigurationIsVisible = 0;
			defaultConfigurationName = Release;
		};
		047594311C453A9E00C46C86 /* Build configuration list for PBXNativeTarget "webview_app" */ = {
			isa = XCConfigurationList;
			buildConfigurations = (
				047594321C453A9E00C46C86 /* Debug */,
				047594331C453A9E00C46C86 /* Release */,
			);
			defaultConfigurationIsVisible = 0;
		};
/* End XCConfigurationList section */
	};
	rootObject = 047594121C453A9D00C46C86 /* Project object */;
}
